{
  "name": "proyect",
  "lockfileVersion": 2,
  "requires": true,
  "packages": {
    "": {
      "dependencies": {
        "disableautofill": "^2.0.0"
      }
    },
    "node_modules/disableautofill": {
      "version": "2.0.0",
      "resolved": "https://registry.npmjs.org/disableautofill/-/disableautofill-2.0.0.tgz",
      "integrity": "sha512-URun0l00OvHHu0YApUOrRH8JSRLM5ZZnIkwPOFYPu/27xDJ7D3YOU/p+IvoerwIl0S/d3H3dNpL9ABI3UmyAyA==",
      "engines": {
        "node": ">=4.0.0"
      }
    }
  },
  "dependencies": {
    "disableautofill": {
      "version": "2.0.0",
      "resolved": "https://registry.npmjs.org/disableautofill/-/disableautofill-2.0.0.tgz",
      "integrity": "sha512-URun0l00OvHHu0YApUOrRH8JSRLM5ZZnIkwPOFYPu/27xDJ7D3YOU/p+IvoerwIl0S/d3H3dNpL9ABI3UmyAyA=="
    }
  }
}
